// !$*UTF8*$!
{
	archiveVersion = 1;
	classes = {
	};
	objectVersion = 55;
	objects = {

/* Begin PBXBuildFile section */
		5AF9536E27DF307C00D8D1A2 /* PhotoAlbumsApp.swift in Sources */ = {isa = PBXBuildFile; fileRef = 5AF9536D27DF307C00D8D1A2 /* PhotoAlbumsApp.swift */; };
		5AF9537027DF307C00D8D1A2 /* ContentView.swift in Sources */ = {isa = PBXBuildFile; fileRef = 5AF9536F27DF307C00D8D1A2 /* ContentView.swift */; };
		5AF9537227DF307D00D8D1A2 /* Assets.xcassets in Resources */ = {isa = PBXBuildFile; fileRef = 5AF9537127DF307D00D8D1A2 /* Assets.xcassets */; };
		5AF9537527DF307D00D8D1A2 /* Preview Assets.xcassets in Resources */ = {isa = PBXBuildFile; fileRef = 5AF9537427DF307D00D8D1A2 /* Preview Assets.xcassets */; };
		5AF9537C27DF34C700D8D1A2 /* AlbumsView.swift in Sources */ = {isa = PBXBuildFile; fileRef = 5AF9537B27DF34C700D8D1A2 /* AlbumsView.swift */; };
		5AF9537E27DF34D800D8D1A2 /* FavoritesView.swift in Sources */ = {isa = PBXBuildFile; fileRef = 5AF9537D27DF34D800D8D1A2 /* FavoritesView.swift */; };
		5AF9538127DF364A00D8D1A2 /* RequestError.swift in Sources */ = {isa = PBXBuildFile; fileRef = 5AF9538027DF364A00D8D1A2 /* RequestError.swift */; };
		5AF9538327DF366100D8D1A2 /* AlbumsEndpoint.swift in Sources */ = {isa = PBXBuildFile; fileRef = 5AF9538227DF366100D8D1A2 /* AlbumsEndpoint.swift */; };
		5AF9538527DF367400D8D1A2 /* HTTPClient.swift in Sources */ = {isa = PBXBuildFile; fileRef = 5AF9538427DF367400D8D1A2 /* HTTPClient.swift */; };
		5AF9538727DF369400D8D1A2 /* AlbumsService.swift in Sources */ = {isa = PBXBuildFile; fileRef = 5AF9538627DF369400D8D1A2 /* AlbumsService.swift */; };
		5AF9538A27DF36B000D8D1A2 /* Album.swift in Sources */ = {isa = PBXBuildFile; fileRef = 5AF9538927DF36B000D8D1A2 /* Album.swift */; };
		5AF9538C27DF36BC00D8D1A2 /* Photo.swift in Sources */ = {isa = PBXBuildFile; fileRef = 5AF9538B27DF36BC00D8D1A2 /* Photo.swift */; };
		5AF9538E27DF36DB00D8D1A2 /* Endpoint.swift in Sources */ = {isa = PBXBuildFile; fileRef = 5AF9538D27DF36DB00D8D1A2 /* Endpoint.swift */; };
		5AF9539227DF37EA00D8D1A2 /* Albums.xcdatamodeld in Sources */ = {isa = PBXBuildFile; fileRef = 5AF9539027DF37EA00D8D1A2 /* Albums.xcdatamodeld */; };
		5AF9539527DF386500D8D1A2 /* CachedAlbum+CoreDataClass.swift in Sources */ = {isa = PBXBuildFile; fileRef = 5AF9539327DF386500D8D1A2 /* CachedAlbum+CoreDataClass.swift */; };
		5AF9539627DF386500D8D1A2 /* CachedAlbum+CoreDataProperties.swift in Sources */ = {isa = PBXBuildFile; fileRef = 5AF9539427DF386500D8D1A2 /* CachedAlbum+CoreDataProperties.swift */; };
		5AF9539827DF390E00D8D1A2 /* AlbumsStorage.swift in Sources */ = {isa = PBXBuildFile; fileRef = 5AF9539727DF390E00D8D1A2 /* AlbumsStorage.swift */; };
/* End PBXBuildFile section */

/* Begin PBXFileReference section */
		5AF9536A27DF307C00D8D1A2 /* PhotoAlbums.app */ = {isa = PBXFileReference; explicitFileType = wrapper.application; includeInIndex = 0; path = PhotoAlbums.app; sourceTree = BUILT_PRODUCTS_DIR; };
		5AF9536D27DF307C00D8D1A2 /* PhotoAlbumsApp.swift */ = {isa = PBXFileReference; lastKnownFileType = sourcecode.swift; path = PhotoAlbumsApp.swift; sourceTree = "<group>"; };
		5AF9536F27DF307C00D8D1A2 /* ContentView.swift */ = {isa = PBXFileReference; lastKnownFileType = sourcecode.swift; path = ContentView.swift; sourceTree = "<group>"; };
		5AF9537127DF307D00D8D1A2 /* Assets.xcassets */ = {isa = PBXFileReference; lastKnownFileType = folder.assetcatalog; path = Assets.xcassets; sourceTree = "<group>"; };
		5AF9537427DF307D00D8D1A2 /* Preview Assets.xcassets */ = {isa = PBXFileReference; lastKnownFileType = folder.assetcatalog; path = "Preview Assets.xcassets"; sourceTree = "<group>"; };
		5AF9537B27DF34C700D8D1A2 /* AlbumsView.swift */ = {isa = PBXFileReference; lastKnownFileType = sourcecode.swift; path = AlbumsView.swift; sourceTree = "<group>"; };
		5AF9537D27DF34D800D8D1A2 /* FavoritesView.swift */ = {isa = PBXFileReference; lastKnownFileType = sourcecode.swift; path = FavoritesView.swift; sourceTree = "<group>"; };
		5AF9538027DF364A00D8D1A2 /* RequestError.swift */ = {isa = PBXFileReference; lastKnownFileType = sourcecode.swift; path = RequestError.swift; sourceTree = "<group>"; };
		5AF9538227DF366100D8D1A2 /* AlbumsEndpoint.swift */ = {isa = PBXFileReference; lastKnownFileType = sourcecode.swift; path = AlbumsEndpoint.swift; sourceTree = "<group>"; };
		5AF9538427DF367400D8D1A2 /* HTTPClient.swift */ = {isa = PBXFileReference; lastKnownFileType = sourcecode.swift; path = HTTPClient.swift; sourceTree = "<group>"; };
		5AF9538627DF369400D8D1A2 /* AlbumsService.swift */ = {isa = PBXFileReference; lastKnownFileType = sourcecode.swift; path = AlbumsService.swift; sourceTree = "<group>"; };
		5AF9538927DF36B000D8D1A2 /* Album.swift */ = {isa = PBXFileReference; lastKnownFileType = sourcecode.swift; path = Album.swift; sourceTree = "<group>"; };
		5AF9538B27DF36BC00D8D1A2 /* Photo.swift */ = {isa = PBXFileReference; lastKnownFileType = sourcecode.swift; path = Photo.swift; sourceTree = "<group>"; };
		5AF9538D27DF36DB00D8D1A2 /* Endpoint.swift */ = {isa = PBXFileReference; lastKnownFileType = sourcecode.swift; path = Endpoint.swift; sourceTree = "<group>"; };
		5AF9539127DF37EA00D8D1A2 /* Albums.xcdatamodel */ = {isa = PBXFileReference; lastKnownFileType = wrapper.xcdatamodel; path = Albums.xcdatamodel; sourceTree = "<group>"; };
		5AF9539327DF386500D8D1A2 /* CachedAlbum+CoreDataClass.swift */ = {isa = PBXFileReference; lastKnownFileType = sourcecode.swift; path = "CachedAlbum+CoreDataClass.swift"; sourceTree = "<group>"; };
		5AF9539427DF386500D8D1A2 /* CachedAlbum+CoreDataProperties.swift */ = {isa = PBXFileReference; lastKnownFileType = sourcecode.swift; path = "CachedAlbum+CoreDataProperties.swift"; sourceTree = "<group>"; };
		5AF9539727DF390E00D8D1A2 /* AlbumsStorage.swift */ = {isa = PBXFileReference; lastKnownFileType = sourcecode.swift; path = AlbumsStorage.swift; sourceTree = "<group>"; };
/* End PBXFileReference section */

/* Begin PBXFrameworksBuildPhase section */
		5AF9536727DF307C00D8D1A2 /* Frameworks */ = {
			isa = PBXFrameworksBuildPhase;
			buildActionMask = 2147483647;
			files = (
			);
			runOnlyForDeploymentPostprocessing = 0;
		};
/* End PBXFrameworksBuildPhase section */

/* Begin PBXGroup section */
		5AF9536127DF307C00D8D1A2 = {
			isa = PBXGroup;
			children = (
				5AF9536C27DF307C00D8D1A2 /* PhotoAlbums */,
				5AF9536B27DF307C00D8D1A2 /* Products */,
			);
			sourceTree = "<group>";
		};
		5AF9536B27DF307C00D8D1A2 /* Products */ = {
			isa = PBXGroup;
			children = (
				5AF9536A27DF307C00D8D1A2 /* PhotoAlbums.app */,
			);
			name = Products;
			sourceTree = "<group>";
		};
		5AF9536C27DF307C00D8D1A2 /* PhotoAlbums */ = {
			isa = PBXGroup;
			children = (
				5AF9538827DF36A100D8D1A2 /* Models */,
				5AF9537F27DF35EB00D8D1A2 /* Networking */,
				5AF9538F27DF37BF00D8D1A2 /* Storage */,
				5AF9536D27DF307C00D8D1A2 /* PhotoAlbumsApp.swift */,
				5AF9536F27DF307C00D8D1A2 /* ContentView.swift */,
				5AF9537B27DF34C700D8D1A2 /* AlbumsView.swift */,
				5AF9537D27DF34D800D8D1A2 /* FavoritesView.swift */,
				5AF9537127DF307D00D8D1A2 /* Assets.xcassets */,
				5AF9537327DF307D00D8D1A2 /* Preview Content */,
			);
			path = PhotoAlbums;
			sourceTree = "<group>";
		};
		5AF9537327DF307D00D8D1A2 /* Preview Content */ = {
			isa = PBXGroup;
			children = (
				5AF9537427DF307D00D8D1A2 /* Preview Assets.xcassets */,
			);
			path = "Preview Content";
			sourceTree = "<group>";
		};
		5AF9537F27DF35EB00D8D1A2 /* Networking */ = {
			isa = PBXGroup;
			children = (
				5AF9538D27DF36DB00D8D1A2 /* Endpoint.swift */,
				5AF9538027DF364A00D8D1A2 /* RequestError.swift */,
				5AF9538427DF367400D8D1A2 /* HTTPClient.swift */,
				5AF9538227DF366100D8D1A2 /* AlbumsEndpoint.swift */,
				5AF9538627DF369400D8D1A2 /* AlbumsService.swift */,
			);
			path = Networking;
			sourceTree = "<group>";
		};
		5AF9538827DF36A100D8D1A2 /* Models */ = {
			isa = PBXGroup;
			children = (
				5AF9538927DF36B000D8D1A2 /* Album.swift */,
				5AF9538B27DF36BC00D8D1A2 /* Photo.swift */,
			);
			path = Models;
			sourceTree = "<group>";
		};
		5AF9538F27DF37BF00D8D1A2 /* Storage */ = {
			isa = PBXGroup;
			children = (
				5AF9539327DF386500D8D1A2 /* CachedAlbum+CoreDataClass.swift */,
				5AF9539427DF386500D8D1A2 /* CachedAlbum+CoreDataProperties.swift */,
				5AF9539727DF390E00D8D1A2 /* AlbumsStorage.swift */,
				5AF9539027DF37EA00D8D1A2 /* Albums.xcdatamodeld */,
			);
			path = Storage;
			sourceTree = "<group>";
		};
/* End PBXGroup section */

/* Begin PBXNativeTarget section */
		5AF9536927DF307C00D8D1A2 /* PhotoAlbums */ = {
			isa = PBXNativeTarget;
			buildConfigurationList = 5AF9537827DF307D00D8D1A2 /* Build configuration list for PBXNativeTarget "PhotoAlbums" */;
			buildPhases = (
				5AF9536627DF307C00D8D1A2 /* Sources */,
				5AF9536727DF307C00D8D1A2 /* Frameworks */,
				5AF9536827DF307C00D8D1A2 /* Resources */,
			);
			buildRules = (
			);
			dependencies = (
			);
			name = PhotoAlbums;
			productName = PhotoAlbums;
			productReference = 5AF9536A27DF307C00D8D1A2 /* PhotoAlbums.app */;
			productType = "com.apple.product-type.application";
		};
/* End PBXNativeTarget section */

/* Begin PBXProject section */
		5AF9536227DF307C00D8D1A2 /* Project object */ = {
			isa = PBXProject;
			attributes = {
				BuildIndependentTargetsInParallel = 1;
				LastSwiftUpdateCheck = 1320;
				LastUpgradeCheck = 1320;
				TargetAttributes = {
					5AF9536927DF307C00D8D1A2 = {
						CreatedOnToolsVersion = 13.2.1;
					};
				};
			};
			buildConfigurationList = 5AF9536527DF307C00D8D1A2 /* Build configuration list for PBXProject "PhotoAlbums" */;
			compatibilityVersion = "Xcode 13.0";
			developmentRegion = en;
			hasScannedForEncodings = 0;
			knownRegions = (
				en,
				Base,
			);
			mainGroup = 5AF9536127DF307C00D8D1A2;
			productRefGroup = 5AF9536B27DF307C00D8D1A2 /* Products */;
			projectDirPath = "";
			projectRoot = "";
			targets = (
				5AF9536927DF307C00D8D1A2 /* PhotoAlbums */,
			);
		};
/* End PBXProject section */

/* Begin PBXResourcesBuildPhase section */
		5AF9536827DF307C00D8D1A2 /* Resources */ = {
			isa = PBXResourcesBuildPhase;
			buildActionMask = 2147483647;
			files = (
				5AF9537527DF307D00D8D1A2 /* Preview Assets.xcassets in Resources */,
				5AF9537227DF307D00D8D1A2 /* Assets.xcassets in Resources */,
			);
			runOnlyForDeploymentPostprocessing = 0;
		};
/* End PBXResourcesBuildPhase section */

/* Begin PBXSourcesBuildPhase section */
		5AF9536627DF307C00D8D1A2 /* Sources */ = {
			isa = PBXSourcesBuildPhase;
			buildActionMask = 2147483647;
			files = (
				5AF9537E27DF34D800D8D1A2 /* FavoritesView.swift in Sources */,
				5AF9538127DF364A00D8D1A2 /* RequestError.swift in Sources */,
				5AF9538327DF366100D8D1A2 /* AlbumsEndpoint.swift in Sources */,
				5AF9538727DF369400D8D1A2 /* AlbumsService.swift in Sources */,
				5AF9538C27DF36BC00D8D1A2 /* Photo.swift in Sources */,
				5AF9538527DF367400D8D1A2 /* HTTPClient.swift in Sources */,
				5AF9539827DF390E00D8D1A2 /* AlbumsStorage.swift in Sources */,
				5AF9538A27DF36B000D8D1A2 /* Album.swift in Sources */,
				5AF9539627DF386500D8D1A2 /* CachedAlbum+CoreDataProperties.swift in Sources */,
				5AF9539227DF37EA00D8D1A2 /* Albums.xcdatamodeld in Sources */,
				5AF9537027DF307C00D8D1A2 /* ContentView.swift in Sources */,
				5AF9536E27DF307C00D8D1A2 /* PhotoAlbumsApp.swift in Sources */,
				5AF9538E27DF36DB00D8D1A2 /* Endpoint.swift in Sources */,
				5AF9537C27DF34C700D8D1A2 /* AlbumsView.swift in Sources */,
				5AF9539527DF386500D8D1A2 /* CachedAlbum+CoreDataClass.swift in Sources */,
			);
			runOnlyForDeploymentPostprocessing = 0;
		};
/* End PBXSourcesBuildPhase section */

/* Begin XCBuildConfiguration section */
		5AF9537627DF307D00D8D1A2 /* Debug */ = {
			isa = XCBuildConfiguration;
			buildSettings = {
				ALWAYS_SEARCH_USER_PATHS = NO;
				CLANG_ANALYZER_NONNULL = YES;
				CLANG_ANALYZER_NUMBER_OBJECT_CONVERSION = YES_AGGRESSIVE;
				CLANG_CXX_LANGUAGE_STANDARD = "gnu++17";
				CLANG_CXX_LIBRARY = "libc++";
				CLANG_ENABLE_MODULES = YES;
				CLANG_ENABLE_OBJC_ARC = YES;
				CLANG_ENABLE_OBJC_WEAK = YES;
				CLANG_WARN_BLOCK_CAPTURE_AUTORELEASING = YES;
				CLANG_WARN_BOOL_CONVERSION = YES;
				CLANG_WARN_COMMA = YES;
				CLANG_WARN_CONSTANT_CONVERSION = YES;
				CLANG_WARN_DEPRECATED_OBJC_IMPLEMENTATIONS = YES;
				CLANG_WARN_DIRECT_OBJC_ISA_USAGE = YES_ERROR;
				CLANG_WARN_DOCUMENTATION_COMMENTS = YES;
				CLANG_WARN_EMPTY_BODY = YES;
				CLANG_WARN_ENUM_CONVERSION = YES;
				CLANG_WARN_INFINITE_RECURSION = YES;
				CLANG_WARN_INT_CONVERSION = YES;
				CLANG_WARN_NON_LITERAL_NULL_CONVERSION = YES;
				CLANG_WARN_OBJC_IMPLICIT_RETAIN_SELF = YES;
				CLANG_WARN_OBJC_LITERAL_CONVERSION = YES;
				CLANG_WARN_OBJC_ROOT_CLASS = YES_ERROR;
				CLANG_WARN_QUOTED_INCLUDE_IN_FRAMEWORK_HEADER = YES;
				CLANG_WARN_RANGE_LOOP_ANALYSIS = YES;
				CLANG_WARN_STRICT_PROTOTYPES = YES;
				CLANG_WARN_SUSPICIOUS_MOVE = YES;
				CLANG_WARN_UNGUARDED_AVAILABILITY = YES_AGGRESSIVE;
				CLANG_WARN_UNREACHABLE_CODE = YES;
				CLANG_WARN__DUPLICATE_METHOD_MATCH = YES;
				COPY_PHASE_STRIP = NO;
				DEBUG_INFORMATION_FORMAT = dwarf;
				ENABLE_STRICT_OBJC_MSGSEND = YES;
				ENABLE_TESTABILITY = YES;
				GCC_C_LANGUAGE_STANDARD = gnu11;
				GCC_DYNAMIC_NO_PIC = NO;
				GCC_NO_COMMON_BLOCKS = YES;
				GCC_OPTIMIZATION_LEVEL = 0;
				GCC_PREPROCESSOR_DEFINITIONS = (
					"DEBUG=1",
					"$(inherited)",
				);
				GCC_WARN_64_TO_32_BIT_CONVERSION = YES;
				GCC_WARN_ABOUT_RETURN_TYPE = YES_ERROR;
				GCC_WARN_UNDECLARED_SELECTOR = YES;
				GCC_WARN_UNINITIALIZED_AUTOS = YES_AGGRESSIVE;
				GCC_WARN_UNUSED_FUNCTION = YES;
				GCC_WARN_UNUSED_VARIABLE = YES;
				IPHONEOS_DEPLOYMENT_TARGET = 15.2;
				MTL_ENABLE_DEBUG_INFO = INCLUDE_SOURCE;
				MTL_FAST_MATH = YES;
				ONLY_ACTIVE_ARCH = YES;
				SDKROOT = iphoneos;
				SWIFT_ACTIVE_COMPILATION_CONDITIONS = DEBUG;
				SWIFT_OPTIMIZATION_LEVEL = "-Onone";
			};
			name = Debug;
		};
		5AF9537727DF307D00D8D1A2 /* Release */ = {
			isa = XCBuildConfiguration;
			buildSettings = {
				ALWAYS_SEARCH_USER_PATHS = NO;
				CLANG_ANALYZER_NONNULL = YES;
				CLANG_ANALYZER_NUMBER_OBJECT_CONVERSION = YES_AGGRESSIVE;
				CLANG_CXX_LANGUAGE_STANDARD = "gnu++17";
				CLANG_CXX_LIBRARY = "libc++";
				CLANG_ENABLE_MODULES = YES;
				CLANG_ENABLE_OBJC_ARC = YES;
				CLANG_ENABLE_OBJC_WEAK = YES;
				CLANG_WARN_BLOCK_CAPTURE_AUTORELEASING = YES;
				CLANG_WARN_BOOL_CONVERSION = YES;
				CLANG_WARN_COMMA = YES;
				CLANG_WARN_CONSTANT_CONVERSION = YES;
				CLANG_WARN_DEPRECATED_OBJC_IMPLEMENTATIONS = YES;
				CLANG_WARN_DIRECT_OBJC_ISA_USAGE = YES_ERROR;
				CLANG_WARN_DOCUMENTATION_COMMENTS = YES;
				CLANG_WARN_EMPTY_BODY = YES;
				CLANG_WARN_ENUM_CONVERSION = YES;
				CLANG_WARN_INFINITE_RECURSION = YES;
				CLANG_WARN_INT_CONVERSION = YES;
				CLANG_WARN_NON_LITERAL_NULL_CONVERSION = YES;
				CLANG_WARN_OBJC_IMPLICIT_RETAIN_SELF = YES;
				CLANG_WARN_OBJC_LITERAL_CONVERSION = YES;
				CLANG_WARN_OBJC_ROOT_CLASS = YES_ERROR;
				CLANG_WARN_QUOTED_INCLUDE_IN_FRAMEWORK_HEADER = YES;
				CLANG_WARN_RANGE_LOOP_ANALYSIS = YES;
				CLANG_WARN_STRICT_PROTOTYPES = YES;
				CLANG_WARN_SUSPICIOUS_MOVE = YES;
				CLANG_WARN_UNGUARDED_AVAILABILITY = YES_AGGRESSIVE;
				CLANG_WARN_UNREACHABLE_CODE = YES;
				CLANG_WARN__DUPLICATE_METHOD_MATCH = YES;
				COPY_PHASE_STRIP = NO;
				DEBUG_INFORMATION_FORMAT = "dwarf-with-dsym";
				ENABLE_NS_ASSERTIONS = NO;
				ENABLE_STRICT_OBJC_MSGSEND = YES;
				GCC_C_LANGUAGE_STANDARD = gnu11;
				GCC_NO_COMMON_BLOCKS = YES;
				GCC_WARN_64_TO_32_BIT_CONVERSION = YES;
				GCC_WARN_ABOUT_RETURN_TYPE = YES_ERROR;
				GCC_WARN_UNDECLARED_SELECTOR = YES;
				GCC_WARN_UNINITIALIZED_AUTOS = YES_AGGRESSIVE;
				GCC_WARN_UNUSED_FUNCTION = YES;
				GCC_WARN_UNUSED_VARIABLE = YES;
				IPHONEOS_DEPLOYMENT_TARGET = 15.2;
				MTL_ENABLE_DEBUG_INFO = NO;
				MTL_FAST_MATH = YES;
				SDKROOT = iphoneos;
				SWIFT_COMPILATION_MODE = wholemodule;
				SWIFT_OPTIMIZATION_LEVEL = "-O";
				VALIDATE_PRODUCT = YES;
			};
			name = Release;
		};
		5AF9537927DF307D00D8D1A2 /* Debug */ = {
			isa = XCBuildConfiguration;
			buildSettings = {
				ASSETCATALOG_COMPILER_APPICON_NAME = AppIcon;
				ASSETCATALOG_COMPILER_GLOBAL_ACCENT_COLOR_NAME = AccentColor;
				CODE_SIGN_STYLE = Automatic;
				CURRENT_PROJECT_VERSION = 1;
				DEVELOPMENT_ASSET_PATHS = "\"PhotoAlbums/Preview Content\"";
				DEVELOPMENT_TEAM = C49U28DLR9;
				ENABLE_PREVIEWS = YES;
				GENERATE_INFOPLIST_FILE = YES;
				INFOPLIST_KEY_UIApplicationSceneManifest_Generation = YES;
				INFOPLIST_KEY_UIApplicationSupportsIndirectInputEvents = YES;
				INFOPLIST_KEY_UILaunchScreen_Generation = YES;
				INFOPLIST_KEY_UISupportedInterfaceOrientations_iPad = "UIInterfaceOrientationPortrait UIInterfaceOrientationPortraitUpsideDown UIInterfaceOrientationLandscapeLeft UIInterfaceOrientationLandscapeRight";
				INFOPLIST_KEY_UISupportedInterfaceOrientations_iPhone = "UIInterfaceOrientationPortrait UIInterfaceOrientationLandscapeLeft UIInterfaceOrientationLandscapeRight";
				LD_RUNPATH_SEARCH_PATHS = (
					"$(inherited)",
					"@executable_path/Frameworks",
				);
				MARKETING_VERSION = 1.0;
				PRODUCT_BUNDLE_IDENTIFIER = com.filipedonadio.PhotoAlbums;
				PRODUCT_NAME = "$(TARGET_NAME)";
				SWIFT_EMIT_LOC_STRINGS = YES;
				SWIFT_VERSION = 5.0;
				TARGETED_DEVICE_FAMILY = "1,2";
			};
			name = Debug;
		};
		5AF9537A27DF307D00D8D1A2 /* Release */ = {
			isa = XCBuildConfiguration;
			buildSettings = {
				ASSETCATALOG_COMPILER_APPICON_NAME = AppIcon;
				ASSETCATALOG_COMPILER_GLOBAL_ACCENT_COLOR_NAME = AccentColor;
				CODE_SIGN_STYLE = Automatic;
				CURRENT_PROJECT_VERSION = 1;
				DEVELOPMENT_ASSET_PATHS = "\"PhotoAlbums/Preview Content\"";
				DEVELOPMENT_TEAM = C49U28DLR9;
				ENABLE_PREVIEWS = YES;
				GENERATE_INFOPLIST_FILE = YES;
				INFOPLIST_KEY_UIApplicationSceneManifest_Generation = YES;
				INFOPLIST_KEY_UIApplicationSupportsIndirectInputEvents = YES;
				INFOPLIST_KEY_UILaunchScreen_Generation = YES;
				INFOPLIST_KEY_UISupportedInterfaceOrientations_iPad = "UIInterfaceOrientationPortrait UIInterfaceOrientationPortraitUpsideDown UIInterfaceOrientationLandscapeLeft UIInterfaceOrientationLandscapeRight";
				INFOPLIST_KEY_UISupportedInterfaceOrientations_iPhone = "UIInterfaceOrientationPortrait UIInterfaceOrientationLandscapeLeft UIInterfaceOrientationLandscapeRight";
				LD_RUNPATH_SEARCH_PATHS = (
					"$(inherited)",
					"@executable_path/Frameworks",
				);
				MARKETING_VERSION = 1.0;
				PRODUCT_BUNDLE_IDENTIFIER = com.filipedonadio.PhotoAlbums;
				PRODUCT_NAME = "$(TARGET_NAME)";
				SWIFT_EMIT_LOC_STRINGS = YES;
				SWIFT_VERSION = 5.0;
				TARGETED_DEVICE_FAMILY = "1,2";
			};
			name = Release;
		};
/* End XCBuildConfiguration section */

/* Begin XCConfigurationList section */
		5AF9536527DF307C00D8D1A2 /* Build configuration list for PBXProject "PhotoAlbums" */ = {
			isa = XCConfigurationList;
			buildConfigurations = (
				5AF9537627DF307D00D8D1A2 /* Debug */,
				5AF9537727DF307D00D8D1A2 /* Release */,
			);
			defaultConfigurationIsVisible = 0;
			defaultConfigurationName = Release;
		};
		5AF9537827DF307D00D8D1A2 /* Build configuration list for PBXNativeTarget "PhotoAlbums" */ = {
			isa = XCConfigurationList;
			buildConfigurations = (
				5AF9537927DF307D00D8D1A2 /* Debug */,
				5AF9537A27DF307D00D8D1A2 /* Release */,
			);
			defaultConfigurationIsVisible = 0;
			defaultConfigurationName = Release;
		};
/* End XCConfigurationList section */

/* Begin XCVersionGroup section */
		5AF9539027DF37EA00D8D1A2 /* Albums.xcdatamodeld */ = {
			isa = XCVersionGroup;
			children = (
				5AF9539127DF37EA00D8D1A2 /* Albums.xcdatamodel */,
			);
			currentVersion = 5AF9539127DF37EA00D8D1A2 /* Albums.xcdatamodel */;
			path = Albums.xcdatamodeld;
			sourceTree = "<group>";
			versionGroupType = wrapper.xcdatamodel;
		};
/* End XCVersionGroup section */
	};
	rootObject = 5AF9536227DF307C00D8D1A2 /* Project object */;
}
